// !$*UTF8*$!
{
	archiveVersion = 1;
	classes = {
	};
	objectVersion = 56;
	objects = {

/* Begin PBXBuildFile section */
		840385BA2F34F08E00245237 /* AppDelegate.swift in Sources */ = {isa = PBXBuildFile; fileRef = 840385B92F34F08E00245237 /* AppDelegate.swift */; };
		840385BC2F34F08E00245237 /* SceneDelegate.swift in Sources */ = {isa = PBXBuildFile; fileRef = 840385BB2F34F08E00245237 /* SceneDelegate.swift */; };
		840385BE2F34F08E00245237 /* HomeViewController.swift in Sources */ = {isa = PBXBuildFile; fileRef = 840385BD2F34F08E00245237 /* HomeViewController.swift */; };
		840385C32F34F09100245237 /* Assets.xcassets in Resources */ = {isa = PBXBuildFile; fileRef = 840385C22F34F09100245237 /* Assets.xcassets */; };
		840385C62F34F09100245237 /* LaunchScreen.storyboard in Resources */ = {isa = PBXBuildFile; fileRef = 840385C42F34F09100245237 /* LaunchScreen.storyboard */; };
		840385D52F3890D000245237 /* AppRouterProtocols.swift in Sources */ = {isa = PBXBuildFile; fileRef = 840385D42F3890D000245237 /* AppRouterProtocols.swift */; };
		840385D72F38912900245237 /* AppRouter.swift in Sources */ = {isa = PBXBuildFile; fileRef = 840385D62F38912900245237 /* AppRouter.swift */; };
		840385D92F38923700245237 /* HomeProtocols.swift in Sources */ = {isa = PBXBuildFile; fileRef = 840385D82F38923700245237 /* HomeProtocols.swift */; };
		840385DB2F3892DA00245237 /* Product.swift in Sources */ = {isa = PBXBuildFile; fileRef = 840385DA2F3892DA00245237 /* Product.swift */; };
		840385DD2F38932B00245237 /* HomeRouter.swift in Sources */ = {isa = PBXBuildFile; fileRef = 840385DC2F38932B00245237 /* HomeRouter.swift */; };
		840385DF2F38938100245237 /* HomeInteractor.swift in Sources */ = {isa = PBXBuildFile; fileRef = 840385DE2F38938100245237 /* HomeInteractor.swift */; };
		840385E12F38945800245237 /* HomePresenter.swift in Sources */ = {isa = PBXBuildFile; fileRef = 840385E02F38945800245237 /* HomePresenter.swift */; };
		849921712F39831C00EC59DB /* HomeView.swift in Sources */ = {isa = PBXBuildFile; fileRef = 849921702F39831C00EC59DB /* HomeView.swift */; };
		849921742F39837000EC59DB /* VerticalHomeCell.swift in Sources */ = {isa = PBXBuildFile; fileRef = 849921732F39837000EC59DB /* VerticalHomeCell.swift */; };
		849921772F39840400EC59DB /* UILabel+Extensions.swift in Sources */ = {isa = PBXBuildFile; fileRef = 849921762F39840400EC59DB /* UILabel+Extensions.swift */; };
		849921792F3984B400EC59DB /* UIColor+Extensions.swift in Sources */ = {isa = PBXBuildFile; fileRef = 849921782F3984B400EC59DB /* UIColor+Extensions.swift */; };
		8499217B2F39871500EC59DB /* Typography.swift in Sources */ = {isa = PBXBuildFile; fileRef = 8499217A2F39871500EC59DB /* Typography.swift */; };
		8499217D2F398D7700EC59DB /* VerticalHeaderCell.swift in Sources */ = {isa = PBXBuildFile; fileRef = 8499217C2F398D7700EC59DB /* VerticalHeaderCell.swift */; };
		849921802F399A3C00EC59DB /* Constants.swift in Sources */ = {isa = PBXBuildFile; fileRef = 8499217F2F399A3C00EC59DB /* Constants.swift */; };
		849921832F3AC5E400EC59DB /* DetailViewController.swift in Sources */ = {isa = PBXBuildFile; fileRef = 849921822F3AC5E400EC59DB /* DetailViewController.swift */; };
		849921872F3B1CEC00EC59DB /* HorizontalHomeCell.swift in Sources */ = {isa = PBXBuildFile; fileRef = 849921862F3B1CEC00EC59DB /* HorizontalHomeCell.swift */; };
		849921892F3B1D3300EC59DB /* HorizontalHeaderCell.swift in Sources */ = {isa = PBXBuildFile; fileRef = 849921882F3B1D3300EC59DB /* HorizontalHeaderCell.swift */; };
/* End PBXBuildFile section */

/* Begin PBXFileReference section */
		840385B62F34F08E00245237 /* RedBox.app */ = {isa = PBXFileReference; explicitFileType = wrapper.application; includeInIndex = 0; path = RedBox.app; sourceTree = BUILT_PRODUCTS_DIR; };
		840385B92F34F08E00245237 /* AppDelegate.swift */ = {isa = PBXFileReference; lastKnownFileType = sourcecode.swift; path = AppDelegate.swift; sourceTree = "<group>"; };
		840385BB2F34F08E00245237 /* SceneDelegate.swift */ = {isa = PBXFileReference; lastKnownFileType = sourcecode.swift; path = SceneDelegate.swift; sourceTree = "<group>"; };
		840385BD2F34F08E00245237 /* HomeViewController.swift */ = {isa = PBXFileReference; lastKnownFileType = sourcecode.swift; path = HomeViewController.swift; sourceTree = "<group>"; };
		840385C22F34F09100245237 /* Assets.xcassets */ = {isa = PBXFileReference; lastKnownFileType = folder.assetcatalog; path = Assets.xcassets; sourceTree = "<group>"; };
		840385C52F34F09100245237 /* Base */ = {isa = PBXFileReference; lastKnownFileType = file.storyboard; name = Base; path = Base.lproj/LaunchScreen.storyboard; sourceTree = "<group>"; };
		840385C72F34F09100245237 /* Info.plist */ = {isa = PBXFileReference; lastKnownFileType = text.plist.xml; path = Info.plist; sourceTree = "<group>"; };
		840385D42F3890D000245237 /* AppRouterProtocols.swift */ = {isa = PBXFileReference; lastKnownFileType = sourcecode.swift; path = AppRouterProtocols.swift; sourceTree = "<group>"; };
		840385D62F38912900245237 /* AppRouter.swift */ = {isa = PBXFileReference; lastKnownFileType = sourcecode.swift; path = AppRouter.swift; sourceTree = "<group>"; };
		840385D82F38923700245237 /* HomeProtocols.swift */ = {isa = PBXFileReference; lastKnownFileType = sourcecode.swift; path = HomeProtocols.swift; sourceTree = "<group>"; };
		840385DA2F3892DA00245237 /* Product.swift */ = {isa = PBXFileReference; lastKnownFileType = sourcecode.swift; path = Product.swift; sourceTree = "<group>"; };
		840385DC2F38932B00245237 /* HomeRouter.swift */ = {isa = PBXFileReference; lastKnownFileType = sourcecode.swift; path = HomeRouter.swift; sourceTree = "<group>"; };
		840385DE2F38938100245237 /* HomeInteractor.swift */ = {isa = PBXFileReference; lastKnownFileType = sourcecode.swift; path = HomeInteractor.swift; sourceTree = "<group>"; };
		840385E02F38945800245237 /* HomePresenter.swift */ = {isa = PBXFileReference; lastKnownFileType = sourcecode.swift; path = HomePresenter.swift; sourceTree = "<group>"; };
		849921702F39831C00EC59DB /* HomeView.swift */ = {isa = PBXFileReference; lastKnownFileType = sourcecode.swift; path = HomeView.swift; sourceTree = "<group>"; };
		849921732F39837000EC59DB /* VerticalHomeCell.swift */ = {isa = PBXFileReference; lastKnownFileType = sourcecode.swift; path = VerticalHomeCell.swift; sourceTree = "<group>"; };
		849921762F39840400EC59DB /* UILabel+Extensions.swift */ = {isa = PBXFileReference; lastKnownFileType = sourcecode.swift; path = "UILabel+Extensions.swift"; sourceTree = "<group>"; };
		849921782F3984B400EC59DB /* UIColor+Extensions.swift */ = {isa = PBXFileReference; lastKnownFileType = sourcecode.swift; path = "UIColor+Extensions.swift"; sourceTree = "<group>"; };
		8499217A2F39871500EC59DB /* Typography.swift */ = {isa = PBXFileReference; lastKnownFileType = sourcecode.swift; path = Typography.swift; sourceTree = "<group>"; };
		8499217C2F398D7700EC59DB /* VerticalHeaderCell.swift */ = {isa = PBXFileReference; lastKnownFileType = sourcecode.swift; path = VerticalHeaderCell.swift; sourceTree = "<group>"; };
		8499217F2F399A3C00EC59DB /* Constants.swift */ = {isa = PBXFileReference; lastKnownFileType = sourcecode.swift; path = Constants.swift; sourceTree = "<group>"; };
		849921822F3AC5E400EC59DB /* DetailViewController.swift */ = {isa = PBXFileReference; lastKnownFileType = sourcecode.swift; path = DetailViewController.swift; sourceTree = "<group>"; };
		849921862F3B1CEC00EC59DB /* HorizontalHomeCell.swift */ = {isa = PBXFileReference; lastKnownFileType = sourcecode.swift; path = HorizontalHomeCell.swift; sourceTree = "<group>"; };
		849921882F3B1D3300EC59DB /* HorizontalHeaderCell.swift */ = {isa = PBXFileReference; lastKnownFileType = sourcecode.swift; path = HorizontalHeaderCell.swift; sourceTree = "<group>"; };
/* End PBXFileReference section */

/* Begin PBXFrameworksBuildPhase section */
		840385B32F34F08E00245237 /* Frameworks */ = {
			isa = PBXFrameworksBuildPhase;
			buildActionMask = 2147483647;
			files = (
			);
			runOnlyForDeploymentPostprocessing = 0;
		};
/* End PBXFrameworksBuildPhase section */

/* Begin PBXGroup section */
		840385AD2F34F08E00245237 = {
			isa = PBXGroup;
			children = (
				840385B82F34F08E00245237 /* RedBox */,
				840385B72F34F08E00245237 /* Products */,
			);
			sourceTree = "<group>";
		};
		840385B72F34F08E00245237 /* Products */ = {
			isa = PBXGroup;
			children = (
				840385B62F34F08E00245237 /* RedBox.app */,
			);
			name = Products;
			sourceTree = "<group>";
		};
		840385B82F34F08E00245237 /* RedBox */ = {
			isa = PBXGroup;
			children = (
				840385CD2F38900E00245237 /* Applications */,
				840385D32F38905C00245237 /* Protocols */,
				840385D12F38903B00245237 /* Routers */,
				840385D02F38903200245237 /* Interactors */,
				840385CF2F38902800245237 /* Presenters */,
				840385CE2F38902000245237 /* Views */,
				840385D22F38904E00245237 /* Entities */,
				849921752F3983EE00EC59DB /* Helpers */,
				8499217E2F399A2A00EC59DB /* Constants */,
				840385E22F389D4000245237 /* Resources */,
				840385C72F34F09100245237 /* Info.plist */,
			);
			path = RedBox;
			sourceTree = "<group>";
		};
		840385CD2F38900E00245237 /* Applications */ = {
			isa = PBXGroup;
			children = (
				840385B92F34F08E00245237 /* AppDelegate.swift */,
				840385BB2F34F08E00245237 /* SceneDelegate.swift */,
			);
			path = Applications;
			sourceTree = "<group>";
		};
		840385CE2F38902000245237 /* Views */ = {
			isa = PBXGroup;
			children = (
				849921812F3AC5D400EC59DB /* Detail */,
				849921722F39835100EC59DB /* Home */,
			);
			path = Views;
			sourceTree = "<group>";
		};
		840385CF2F38902800245237 /* Presenters */ = {
			isa = PBXGroup;
			children = (
				840385E02F38945800245237 /* HomePresenter.swift */,
			);
			path = Presenters;
			sourceTree = "<group>";
		};
		840385D02F38903200245237 /* Interactors */ = {
			isa = PBXGroup;
			children = (
				840385DE2F38938100245237 /* HomeInteractor.swift */,
			);
			path = Interactors;
			sourceTree = "<group>";
		};
		840385D12F38903B00245237 /* Routers */ = {
			isa = PBXGroup;
			children = (
				840385D62F38912900245237 /* AppRouter.swift */,
				840385DC2F38932B00245237 /* HomeRouter.swift */,
			);
			path = Routers;
			sourceTree = "<group>";
		};
		840385D22F38904E00245237 /* Entities */ = {
			isa = PBXGroup;
			children = (
				840385DA2F3892DA00245237 /* Product.swift */,
			);
			path = Entities;
			sourceTree = "<group>";
		};
		840385D32F38905C00245237 /* Protocols */ = {
			isa = PBXGroup;
			children = (
				840385D42F3890D000245237 /* AppRouterProtocols.swift */,
				840385D82F38923700245237 /* HomeProtocols.swift */,
			);
			path = Protocols;
			sourceTree = "<group>";
		};
		840385E22F389D4000245237 /* Resources */ = {
			isa = PBXGroup;
			children = (
				840385C22F34F09100245237 /* Assets.xcassets */,
				840385C42F34F09100245237 /* LaunchScreen.storyboard */,
			);
			path = Resources;
			sourceTree = "<group>";
		};
		849921722F39835100EC59DB /* Home */ = {
			isa = PBXGroup;
			children = (
				849921852F3B1CD100EC59DB /* Headers */,
				849921842F3B1CC300EC59DB /* Cells */,
				849921702F39831C00EC59DB /* HomeView.swift */,
				840385BD2F34F08E00245237 /* HomeViewController.swift */,
			);
			path = Home;
			sourceTree = "<group>";
		};
		849921752F3983EE00EC59DB /* Helpers */ = {
			isa = PBXGroup;
			children = (
				849921762F39840400EC59DB /* UILabel+Extensions.swift */,
				849921782F3984B400EC59DB /* UIColor+Extensions.swift */,
				8499217A2F39871500EC59DB /* Typography.swift */,
			);
			path = Helpers;
			sourceTree = "<group>";
		};
		8499217E2F399A2A00EC59DB /* Constants */ = {
			isa = PBXGroup;
			children = (
				8499217F2F399A3C00EC59DB /* Constants.swift */,
			);
			path = Constants;
			sourceTree = "<group>";
		};
		849921812F3AC5D400EC59DB /* Detail */ = {
			isa = PBXGroup;
			children = (
				849921822F3AC5E400EC59DB /* DetailViewController.swift */,
			);
			path = Detail;
			sourceTree = "<group>";
		};
		849921842F3B1CC300EC59DB /* Cells */ = {
			isa = PBXGroup;
			children = (
				849921732F39837000EC59DB /* VerticalHomeCell.swift */,
				849921862F3B1CEC00EC59DB /* HorizontalHomeCell.swift */,
			);
			path = Cells;
			sourceTree = "<group>";
		};
		849921852F3B1CD100EC59DB /* Headers */ = {
			isa = PBXGroup;
			children = (
				8499217C2F398D7700EC59DB /* VerticalHeaderCell.swift */,
				849921882F3B1D3300EC59DB /* HorizontalHeaderCell.swift */,
			);
			path = Headers;
			sourceTree = "<group>";
		};
/* End PBXGroup section */

/* Begin PBXNativeTarget section */
		840385B52F34F08E00245237 /* RedBox */ = {
			isa = PBXNativeTarget;
			buildConfigurationList = 840385CA2F34F09100245237 /* Build configuration list for PBXNativeTarget "RedBox" */;
			buildPhases = (
				840385B22F34F08E00245237 /* Sources */,
				840385B32F34F08E00245237 /* Frameworks */,
				840385B42F34F08E00245237 /* Resources */,
			);
			buildRules = (
			);
			dependencies = (
			);
			name = RedBox;
			productName = RedBox;
			productReference = 840385B62F34F08E00245237 /* RedBox.app */;
			productType = "com.apple.product-type.application";
		};
/* End PBXNativeTarget section */

/* Begin PBXProject section */
		840385AE2F34F08E00245237 /* Project object */ = {
			isa = PBXProject;
			attributes = {
				BuildIndependentTargetsInParallel = 1;
				LastSwiftUpdateCheck = 1420;
				LastUpgradeCheck = 1420;
				TargetAttributes = {
					840385B52F34F08E00245237 = {
						CreatedOnToolsVersion = 14.2;
					};
				};
			};
			buildConfigurationList = 840385B12F34F08E00245237 /* Build configuration list for PBXProject "RedBox" */;
			compatibilityVersion = "Xcode 14.0";
			developmentRegion = en;
			hasScannedForEncodings = 0;
			knownRegions = (
				en,
				Base,
			);
			mainGroup = 840385AD2F34F08E00245237;
			productRefGroup = 840385B72F34F08E00245237 /* Products */;
			projectDirPath = "";
			projectRoot = "";
			targets = (
				840385B52F34F08E00245237 /* RedBox */,
			);
		};
/* End PBXProject section */

/* Begin PBXResourcesBuildPhase section */
		840385B42F34F08E00245237 /* Resources */ = {
			isa = PBXResourcesBuildPhase;
			buildActionMask = 2147483647;
			files = (
				840385C62F34F09100245237 /* LaunchScreen.storyboard in Resources */,
				840385C32F34F09100245237 /* Assets.xcassets in Resources */,
			);
			runOnlyForDeploymentPostprocessing = 0;
		};
/* End PBXResourcesBuildPhase section */

/* Begin PBXSourcesBuildPhase section */
		840385B22F34F08E00245237 /* Sources */ = {
			isa = PBXSourcesBuildPhase;
			buildActionMask = 2147483647;
			files = (
				840385BE2F34F08E00245237 /* HomeViewController.swift in Sources */,
				849921802F399A3C00EC59DB /* Constants.swift in Sources */,
				840385BA2F34F08E00245237 /* AppDelegate.swift in Sources */,
				840385D52F3890D000245237 /* AppRouterProtocols.swift in Sources */,
				849921772F39840400EC59DB /* UILabel+Extensions.swift in Sources */,
				8499217D2F398D7700EC59DB /* VerticalHeaderCell.swift in Sources */,
				840385E12F38945800245237 /* HomePresenter.swift in Sources */,
				840385D72F38912900245237 /* AppRouter.swift in Sources */,
				849921712F39831C00EC59DB /* HomeView.swift in Sources */,
				849921832F3AC5E400EC59DB /* DetailViewController.swift in Sources */,
				840385D92F38923700245237 /* HomeProtocols.swift in Sources */,
				840385DD2F38932B00245237 /* HomeRouter.swift in Sources */,
				849921892F3B1D3300EC59DB /* HorizontalHeaderCell.swift in Sources */,
				840385DF2F38938100245237 /* HomeInteractor.swift in Sources */,
				8499217B2F39871500EC59DB /* Typography.swift in Sources */,
				840385BC2F34F08E00245237 /* SceneDelegate.swift in Sources */,
				849921792F3984B400EC59DB /* UIColor+Extensions.swift in Sources */,
				849921872F3B1CEC00EC59DB /* HorizontalHomeCell.swift in Sources */,
				849921742F39837000EC59DB /* VerticalHomeCell.swift in Sources */,
				840385DB2F3892DA00245237 /* Product.swift in Sources */,
			);
			runOnlyForDeploymentPostprocessing = 0;
		};
/* End PBXSourcesBuildPhase section */

/* Begin PBXVariantGroup section */
		840385C42F34F09100245237 /* LaunchScreen.storyboard */ = {
			isa = PBXVariantGroup;
			children = (
				840385C52F34F09100245237 /* Base */,
			);
			name = LaunchScreen.storyboard;
			sourceTree = "<group>";
		};
/* End PBXVariantGroup section */

/* Begin XCBuildConfiguration section */
		840385C82F34F09100245237 /* Debug */ = {
			isa = XCBuildConfiguration;
			buildSettings = {
				ALWAYS_SEARCH_USER_PATHS = NO;
				CLANG_ANALYZER_NONNULL = YES;
				CLANG_ANALYZER_NUMBER_OBJECT_CONVERSION = YES_AGGRESSIVE;
				CLANG_CXX_LANGUAGE_STANDARD = "gnu++20";
				CLANG_ENABLE_MODULES = YES;
				CLANG_ENABLE_OBJC_ARC = YES;
				CLANG_ENABLE_OBJC_WEAK = YES;
				CLANG_WARN_BLOCK_CAPTURE_AUTORELEASING = YES;
				CLANG_WARN_BOOL_CONVERSION = YES;
				CLANG_WARN_COMMA = YES;
				CLANG_WARN_CONSTANT_CONVERSION = YES;
				CLANG_WARN_DEPRECATED_OBJC_IMPLEMENTATIONS = YES;
				CLANG_WARN_DIRECT_OBJC_ISA_USAGE = YES_ERROR;
				CLANG_WARN_DOCUMENTATION_COMMENTS = YES;
				CLANG_WARN_EMPTY_BODY = YES;
				CLANG_WARN_ENUM_CONVERSION = YES;
				CLANG_WARN_INFINITE_RECURSION = YES;
				CLANG_WARN_INT_CONVERSION = YES;
				CLANG_WARN_NON_LITERAL_NULL_CONVERSION = YES;
				CLANG_WARN_OBJC_IMPLICIT_RETAIN_SELF = YES;
				CLANG_WARN_OBJC_LITERAL_CONVERSION = YES;
				CLANG_WARN_OBJC_ROOT_CLASS = YES_ERROR;
				CLANG_WARN_QUOTED_INCLUDE_IN_FRAMEWORK_HEADER = YES;
				CLANG_WARN_RANGE_LOOP_ANALYSIS = YES;
				CLANG_WARN_STRICT_PROTOTYPES = YES;
				CLANG_WARN_SUSPICIOUS_MOVE = YES;
				CLANG_WARN_UNGUARDED_AVAILABILITY = YES_AGGRESSIVE;
				CLANG_WARN_UNREACHABLE_CODE = YES;
				CLANG_WARN__DUPLICATE_METHOD_MATCH = YES;
				COPY_PHASE_STRIP = NO;
				DEBUG_INFORMATION_FORMAT = dwarf;
				ENABLE_STRICT_OBJC_MSGSEND = YES;
				ENABLE_TESTABILITY = YES;
				GCC_C_LANGUAGE_STANDARD = gnu11;
				GCC_DYNAMIC_NO_PIC = NO;
				GCC_NO_COMMON_BLOCKS = YES;
				GCC_OPTIMIZATION_LEVEL = 0;
				GCC_PREPROCESSOR_DEFINITIONS = (
					"DEBUG=1",
					"$(inherited)",
				);
				GCC_WARN_64_TO_32_BIT_CONVERSION = YES;
				GCC_WARN_ABOUT_RETURN_TYPE = YES_ERROR;
				GCC_WARN_UNDECLARED_SELECTOR = YES;
				GCC_WARN_UNINITIALIZED_AUTOS = YES_AGGRESSIVE;
				GCC_WARN_UNUSED_FUNCTION = YES;
				GCC_WARN_UNUSED_VARIABLE = YES;
				IPHONEOS_DEPLOYMENT_TARGET = 16.2;
				MTL_ENABLE_DEBUG_INFO = INCLUDE_SOURCE;
				MTL_FAST_MATH = YES;
				ONLY_ACTIVE_ARCH = YES;
				SDKROOT = iphoneos;
				SWIFT_ACTIVE_COMPILATION_CONDITIONS = DEBUG;
				SWIFT_OPTIMIZATION_LEVEL = "-Onone";
			};
			name = Debug;
		};
		840385C92F34F09100245237 /* Release */ = {
			isa = XCBuildConfiguration;
			buildSettings = {
				ALWAYS_SEARCH_USER_PATHS = NO;
				CLANG_ANALYZER_NONNULL = YES;
				CLANG_ANALYZER_NUMBER_OBJECT_CONVERSION = YES_AGGRESSIVE;
				CLANG_CXX_LANGUAGE_STANDARD = "gnu++20";
				CLANG_ENABLE_MODULES = YES;
				CLANG_ENABLE_OBJC_ARC = YES;
				CLANG_ENABLE_OBJC_WEAK = YES;
				CLANG_WARN_BLOCK_CAPTURE_AUTORELEASING = YES;
				CLANG_WARN_BOOL_CONVERSION = YES;
				CLANG_WARN_COMMA = YES;
				CLANG_WARN_CONSTANT_CONVERSION = YES;
				CLANG_WARN_DEPRECATED_OBJC_IMPLEMENTATIONS = YES;
				CLANG_WARN_DIRECT_OBJC_ISA_USAGE = YES_ERROR;
				CLANG_WARN_DOCUMENTATION_COMMENTS = YES;
				CLANG_WARN_EMPTY_BODY = YES;
				CLANG_WARN_ENUM_CONVERSION = YES;
				CLANG_WARN_INFINITE_RECURSION = YES;
				CLANG_WARN_INT_CONVERSION = YES;
				CLANG_WARN_NON_LITERAL_NULL_CONVERSION = YES;
				CLANG_WARN_OBJC_IMPLICIT_RETAIN_SELF = YES;
				CLANG_WARN_OBJC_LITERAL_CONVERSION = YES;
				CLANG_WARN_OBJC_ROOT_CLASS = YES_ERROR;
				CLANG_WARN_QUOTED_INCLUDE_IN_FRAMEWORK_HEADER = YES;
				CLANG_WARN_RANGE_LOOP_ANALYSIS = YES;
				CLANG_WARN_STRICT_PROTOTYPES = YES;
				CLANG_WARN_SUSPICIOUS_MOVE = YES;
				CLANG_WARN_UNGUARDED_AVAILABILITY = YES_AGGRESSIVE;
				CLANG_WARN_UNREACHABLE_CODE = YES;
				CLANG_WARN__DUPLICATE_METHOD_MATCH = YES;
				COPY_PHASE_STRIP = NO;
				DEBUG_INFORMATION_FORMAT = "dwarf-with-dsym";
				ENABLE_NS_ASSERTIONS = NO;
				ENABLE_STRICT_OBJC_MSGSEND = YES;
				GCC_C_LANGUAGE_STANDARD = gnu11;
				GCC_NO_COMMON_BLOCKS = YES;
				GCC_WARN_64_TO_32_BIT_CONVERSION = YES;
				GCC_WARN_ABOUT_RETURN_TYPE = YES_ERROR;
				GCC_WARN_UNDECLARED_SELECTOR = YES;
				GCC_WARN_UNINITIALIZED_AUTOS = YES_AGGRESSIVE;
				GCC_WARN_UNUSED_FUNCTION = YES;
				GCC_WARN_UNUSED_VARIABLE = YES;
				IPHONEOS_DEPLOYMENT_TARGET = 16.2;
				MTL_ENABLE_DEBUG_INFO = NO;
				MTL_FAST_MATH = YES;
				SDKROOT = iphoneos;
				SWIFT_COMPILATION_MODE = wholemodule;
				SWIFT_OPTIMIZATION_LEVEL = "-O";
				VALIDATE_PRODUCT = YES;
			};
			name = Release;
		};
		840385CB2F34F09100245237 /* Debug */ = {
			isa = XCBuildConfiguration;
			buildSettings = {
				ASSETCATALOG_COMPILER_APPICON_NAME = AppIcon;
				ASSETCATALOG_COMPILER_GLOBAL_ACCENT_COLOR_NAME = AccentColor;
				CODE_SIGN_STYLE = Automatic;
				CURRENT_PROJECT_VERSION = 1;
				DEVELOPMENT_TEAM = HG22Y54574;
				GENERATE_INFOPLIST_FILE = YES;
				INFOPLIST_FILE = RedBox/Info.plist;
				INFOPLIST_KEY_UIApplicationSupportsIndirectInputEvents = YES;
				INFOPLIST_KEY_UILaunchStoryboardName = LaunchScreen;
				INFOPLIST_KEY_UISupportedInterfaceOrientations_iPad = "UIInterfaceOrientationPortrait UIInterfaceOrientationPortraitUpsideDown UIInterfaceOrientationLandscapeLeft UIInterfaceOrientationLandscapeRight";
				INFOPLIST_KEY_UISupportedInterfaceOrientations_iPhone = "UIInterfaceOrientationPortrait UIInterfaceOrientationLandscapeLeft UIInterfaceOrientationLandscapeRight";
				LD_RUNPATH_SEARCH_PATHS = (
					"$(inherited)",
					"@executable_path/Frameworks",
				);
				MARKETING_VERSION = 1.0;
				PRODUCT_BUNDLE_IDENTIFIER = AnnaSozontova.RedBox;
				PRODUCT_NAME = "$(TARGET_NAME)";
				SUPPORTED_PLATFORMS = "iphoneos iphonesimulator";
				SUPPORTS_MACCATALYST = NO;
				SUPPORTS_MAC_DESIGNED_FOR_IPHONE_IPAD = NO;
				SWIFT_EMIT_LOC_STRINGS = YES;
				SWIFT_VERSION = 5.0;
				TARGETED_DEVICE_FAMILY = 1;
			};
			name = Debug;
		};
		840385CC2F34F09100245237 /* Release */ = {
			isa = XCBuildConfiguration;
			buildSettings = {
				ASSETCATALOG_COMPILER_APPICON_NAME = AppIcon;
				ASSETCATALOG_COMPILER_GLOBAL_ACCENT_COLOR_NAME = AccentColor;
				CODE_SIGN_STYLE = Automatic;
				CURRENT_PROJECT_VERSION = 1;
				DEVELOPMENT_TEAM = HG22Y54574;
				GENERATE_INFOPLIST_FILE = YES;
				INFOPLIST_FILE = RedBox/Info.plist;
				INFOPLIST_KEY_UIApplicationSupportsIndirectInputEvents = YES;
				INFOPLIST_KEY_UILaunchStoryboardName = LaunchScreen;
				INFOPLIST_KEY_UISupportedInterfaceOrientations_iPad = "UIInterfaceOrientationPortrait UIInterfaceOrientationPortraitUpsideDown UIInterfaceOrientationLandscapeLeft UIInterfaceOrientationLandscapeRight";
				INFOPLIST_KEY_UISupportedInterfaceOrientations_iPhone = "UIInterfaceOrientationPortrait UIInterfaceOrientationLandscapeLeft UIInterfaceOrientationLandscapeRight";
				LD_RUNPATH_SEARCH_PATHS = (
					"$(inherited)",
					"@executable_path/Frameworks",
				);
				MARKETING_VERSION = 1.0;
				PRODUCT_BUNDLE_IDENTIFIER = AnnaSozontova.RedBox;
				PRODUCT_NAME = "$(TARGET_NAME)";
				SUPPORTED_PLATFORMS = "iphoneos iphonesimulator";
				SUPPORTS_MACCATALYST = NO;
				SUPPORTS_MAC_DESIGNED_FOR_IPHONE_IPAD = NO;
				SWIFT_EMIT_LOC_STRINGS = YES;
				SWIFT_VERSION = 5.0;
				TARGETED_DEVICE_FAMILY = 1;
			};
			name = Release;
		};
/* End XCBuildConfiguration section */

/* Begin XCConfigurationList section */
		840385B12F34F08E00245237 /* Build configuration list for PBXProject "RedBox" */ = {
			isa = XCConfigurationList;
			buildConfigurations = (
				840385C82F34F09100245237 /* Debug */,
				840385C92F34F09100245237 /* Release */,
			);
			defaultConfigurationIsVisible = 0;
			defaultConfigurationName = Release;
		};
		840385CA2F34F09100245237 /* Build configuration list for PBXNativeTarget "RedBox" */ = {
			isa = XCConfigurationList;
			buildConfigurations = (
				840385CB2F34F09100245237 /* Debug */,
				840385CC2F34F09100245237 /* Release */,
			);
			defaultConfigurationIsVisible = 0;
			defaultConfigurationName = Release;
		};
/* End XCConfigurationList section */
	};
	rootObject = 840385AE2F34F08E00245237 /* Project object */;
}
